
Microsoft Visual Studio Solution File, Format Version 12.00
# Visual Studio Version 17
VisualStudioVersion = 17.8.34316.72
MinimumVisualStudioVersion = 10.0.40219.1
Project("{9A19103F-16F7-4668-BE54-9A1E7A4F7556}") = "WAD.Server.00016438", "WAD.Server.00016438\WAD.Server.00016438.csproj", "{DB5416AE-505F-492E-AA37-3D03C4786C21}"
EndProject
Project("{FAE04EC0-301F-11D3-BF4B-00C04F79EFBC}") = "WAD.Server.00016438.DAL", "WAD.Server.00016438.DAL\WAD.Server.00016438.DAL.csproj", "{1570739D-A4F1-4E75-877B-6D0C25DD81ED}"
EndProject
Global
	GlobalSection(SolutionConfigurationPlatforms) = preSolution
		Debug|Any CPU = Debug|Any CPU
		Release|Any CPU = Release|Any CPU
	EndGlobalSection
	GlobalSection(ProjectConfigurationPlatforms) = postSolution
		{DB5416AE-505F-492E-AA37-3D03C4786C21}.Debug|Any CPU.ActiveCfg = Debug|Any CPU
		{DB5416AE-505F-492E-AA37-3D03C4786C21}.Debug|Any CPU.Build.0 = Debug|Any CPU
		{DB5416AE-505F-492E-AA37-3D03C4786C21}.Release|Any CPU.ActiveCfg = Release|Any CPU
		{DB5416AE-505F-492E-AA37-3D03C4786C21}.Release|Any CPU.Build.0 = Release|Any CPU
		{1570739D-A4F1-4E75-877B-6D0C25DD81ED}.Debug|Any CPU.ActiveCfg = Debug|Any CPU
		{1570739D-A4F1-4E75-877B-6D0C25DD81ED}.Debug|Any CPU.Build.0 = Debug|Any CPU
		{1570739D-A4F1-4E75-877B-6D0C25DD81ED}.Release|Any CPU.ActiveCfg = Release|Any CPU
		{1570739D-A4F1-4E75-877B-6D0C25DD81ED}.Release|Any CPU.Build.0 = Release|Any CPU
	EndGlobalSection
	GlobalSection(SolutionProperties) = preSolution
		HideSolutionNode = FALSE
	EndGlobalSection
	GlobalSection(ExtensibilityGlobals) = postSolution
		SolutionGuid = {8DFB5B14-9EA5-4AF4-B7AE-8E38745B619D}
	EndGlobalSection
EndGlobal
